// !$*UTF8*$!
{
	archiveVersion = 1;
	classes = {
	};
	objectVersion = 46;
	objects = {

/* Begin PBXBuildFile section */
		04912F21BBA75245BAC7D2F2 /* Pods_twitter_alamofire_demoUITests.framework in Frameworks */ = {isa = PBXBuildFile; fileRef = F28D08AB06C90AF634E24302 /* Pods_twitter_alamofire_demoUITests.framework */; };
		5D3D28952162E0E100EC195A /* User.swift in Sources */ = {isa = PBXBuildFile; fileRef = 5D3D28942162E0E100EC195A /* User.swift */; };
		5D3D28972162E26700EC195A /* Tweet.swift in Sources */ = {isa = PBXBuildFile; fileRef = 5D3D28962162E26700EC195A /* Tweet.swift */; };
		5D3D28992162E69F00EC195A /* Keys.swift in Sources */ = {isa = PBXBuildFile; fileRef = 5D3D28982162E69F00EC195A /* Keys.swift */; };
		5D3D289C2162FEA700EC195A /* TweetCell.swift in Sources */ = {isa = PBXBuildFile; fileRef = 5D3D289B2162FEA700EC195A /* TweetCell.swift */; };
		5DD0F055216A7DA70005A16D /* DetailViewController.swift in Sources */ = {isa = PBXBuildFile; fileRef = 5DD0F054216A7DA70005A16D /* DetailViewController.swift */; };
		5DD0F059216A84D90005A16D /* DetailView.swift in Sources */ = {isa = PBXBuildFile; fileRef = 5DD0F058216A84D90005A16D /* DetailView.swift */; };
		5DD0F05B216AB58D0005A16D /* ComposeView.swift in Sources */ = {isa = PBXBuildFile; fileRef = 5DD0F05A216AB58D0005A16D /* ComposeView.swift */; };
		5DD0F05D216AB5A50005A16D /* ComposeViewController.swift in Sources */ = {isa = PBXBuildFile; fileRef = 5DD0F05C216AB5A50005A16D /* ComposeViewController.swift */; };
		5DD0F05F216B086A0005A16D /* ProfileViewController.swift in Sources */ = {isa = PBXBuildFile; fileRef = 5DD0F05E216B086A0005A16D /* ProfileViewController.swift */; };
		5DD0F061216B088B0005A16D /* ProfileView.swift in Sources */ = {isa = PBXBuildFile; fileRef = 5DD0F060216B088B0005A16D /* ProfileView.swift */; };
		BE39DE085392550ACA343DB3 /* Pods_twitter_alamofire_demoTests.framework in Frameworks */ = {isa = PBXBuildFile; fileRef = 6628E615B879C080FFC24348 /* Pods_twitter_alamofire_demoTests.framework */; };
		BEBC8368211F4199003A5FE1 /* TimelineViewController.swift in Sources */ = {isa = PBXBuildFile; fileRef = BEBC8367211F4199003A5FE1 /* TimelineViewController.swift */; };
		BEE367CC221AA2620463D482 /* Pods_twitter_alamofire_demo.framework in Frameworks */ = {isa = PBXBuildFile; fileRef = 96495F9EAF842E1B5814BCDF /* Pods_twitter_alamofire_demo.framework */; };
		ED1AFD311E942B2500FD4B90 /* AppDelegate.swift in Sources */ = {isa = PBXBuildFile; fileRef = ED1AFD301E942B2500FD4B90 /* AppDelegate.swift */; };
		ED1AFD361E942B2500FD4B90 /* Main.storyboard in Resources */ = {isa = PBXBuildFile; fileRef = ED1AFD341E942B2500FD4B90 /* Main.storyboard */; };
		ED1AFD381E942B2500FD4B90 /* Assets.xcassets in Resources */ = {isa = PBXBuildFile; fileRef = ED1AFD371E942B2500FD4B90 /* Assets.xcassets */; };
		ED1AFD3B1E942B2500FD4B90 /* LaunchScreen.storyboard in Resources */ = {isa = PBXBuildFile; fileRef = ED1AFD391E942B2500FD4B90 /* LaunchScreen.storyboard */; };
		ED1AFD461E942B2500FD4B90 /* twitter_alamofire_demoTests.swift in Sources */ = {isa = PBXBuildFile; fileRef = ED1AFD451E942B2500FD4B90 /* twitter_alamofire_demoTests.swift */; };
		ED1AFD511E942B2500FD4B90 /* twitter_alamofire_demoUITests.swift in Sources */ = {isa = PBXBuildFile; fileRef = ED1AFD501E942B2500FD4B90 /* twitter_alamofire_demoUITests.swift */; };
		ED1AFD5F1E94421000FD4B90 /* APIManager.swift in Sources */ = {isa = PBXBuildFile; fileRef = ED1AFD5E1E94421000FD4B90 /* APIManager.swift */; };
		ED1AFD611E94496E00FD4B90 /* LoginViewController.swift in Sources */ = {isa = PBXBuildFile; fileRef = ED1AFD601E94496E00FD4B90 /* LoginViewController.swift */; };
/* End PBXBuildFile section */

/* Begin PBXContainerItemProxy section */
		ED1AFD421E942B2500FD4B90 /* PBXContainerItemProxy */ = {
			isa = PBXContainerItemProxy;
			containerPortal = ED1AFD251E942B2500FD4B90 /* Project object */;
			proxyType = 1;
			remoteGlobalIDString = ED1AFD2C1E942B2500FD4B90;
			remoteInfo = twitter_alamofire_demo;
		};
		ED1AFD4D1E942B2500FD4B90 /* PBXContainerItemProxy */ = {
			isa = PBXContainerItemProxy;
			containerPortal = ED1AFD251E942B2500FD4B90 /* Project object */;
			proxyType = 1;
			remoteGlobalIDString = ED1AFD2C1E942B2500FD4B90;
			remoteInfo = twitter_alamofire_demo;
		};
/* End PBXContainerItemProxy section */

/* Begin PBXFileReference section */
		408684C537F82555865AC72C /* Pods-twitter_alamofire_demoTests.debug.xcconfig */ = {isa = PBXFileReference; includeInIndex = 1; lastKnownFileType = text.xcconfig; name = "Pods-twitter_alamofire_demoTests.debug.xcconfig"; path = "Pods/Target Support Files/Pods-twitter_alamofire_demoTests/Pods-twitter_alamofire_demoTests.debug.xcconfig"; sourceTree = "<group>"; };
		5D3D28942162E0E100EC195A /* User.swift */ = {isa = PBXFileReference; lastKnownFileType = sourcecode.swift; path = User.swift; sourceTree = "<group>"; };
		5D3D28962162E26700EC195A /* Tweet.swift */ = {isa = PBXFileReference; lastKnownFileType = sourcecode.swift; path = Tweet.swift; sourceTree = "<group>"; };
		5D3D28982162E69F00EC195A /* Keys.swift */ = {isa = PBXFileReference; lastKnownFileType = sourcecode.swift; path = Keys.swift; sourceTree = "<group>"; };
		5D3D289B2162FEA700EC195A /* TweetCell.swift */ = {isa = PBXFileReference; lastKnownFileType = sourcecode.swift; path = TweetCell.swift; sourceTree = "<group>"; };
		5DD0F054216A7DA70005A16D /* DetailViewController.swift */ = {isa = PBXFileReference; lastKnownFileType = sourcecode.swift; path = DetailViewController.swift; sourceTree = "<group>"; };
		5DD0F058216A84D90005A16D /* DetailView.swift */ = {isa = PBXFileReference; lastKnownFileType = sourcecode.swift; path = DetailView.swift; sourceTree = "<group>"; };
		5DD0F05A216AB58D0005A16D /* ComposeView.swift */ = {isa = PBXFileReference; lastKnownFileType = sourcecode.swift; path = ComposeView.swift; sourceTree = "<group>"; };
		5DD0F05C216AB5A50005A16D /* ComposeViewController.swift */ = {isa = PBXFileReference; lastKnownFileType = sourcecode.swift; path = ComposeViewController.swift; sourceTree = "<group>"; };
		5DD0F05E216B086A0005A16D /* ProfileViewController.swift */ = {isa = PBXFileReference; lastKnownFileType = sourcecode.swift; path = ProfileViewController.swift; sourceTree = "<group>"; };
		5DD0F060216B088B0005A16D /* ProfileView.swift */ = {isa = PBXFileReference; lastKnownFileType = sourcecode.swift; path = ProfileView.swift; sourceTree = "<group>"; };
		6628E615B879C080FFC24348 /* Pods_twitter_alamofire_demoTests.framework */ = {isa = PBXFileReference; explicitFileType = wrapper.framework; includeInIndex = 0; path = Pods_twitter_alamofire_demoTests.framework; sourceTree = BUILT_PRODUCTS_DIR; };
		96495F9EAF842E1B5814BCDF /* Pods_twitter_alamofire_demo.framework */ = {isa = PBXFileReference; explicitFileType = wrapper.framework; includeInIndex = 0; path = Pods_twitter_alamofire_demo.framework; sourceTree = BUILT_PRODUCTS_DIR; };
		9BFE81DFD7943434DFA897CE /* Pods-twitter_alamofire_demoUITests.release.xcconfig */ = {isa = PBXFileReference; includeInIndex = 1; lastKnownFileType = text.xcconfig; name = "Pods-twitter_alamofire_demoUITests.release.xcconfig"; path = "Pods/Target Support Files/Pods-twitter_alamofire_demoUITests/Pods-twitter_alamofire_demoUITests.release.xcconfig"; sourceTree = "<group>"; };
		BEBC8367211F4199003A5FE1 /* TimelineViewController.swift */ = {isa = PBXFileReference; lastKnownFileType = sourcecode.swift; path = TimelineViewController.swift; sourceTree = "<group>"; };
		D64AECB550BA90DC3352F004 /* Pods-twitter_alamofire_demoUITests.debug.xcconfig */ = {isa = PBXFileReference; includeInIndex = 1; lastKnownFileType = text.xcconfig; name = "Pods-twitter_alamofire_demoUITests.debug.xcconfig"; path = "Pods/Target Support Files/Pods-twitter_alamofire_demoUITests/Pods-twitter_alamofire_demoUITests.debug.xcconfig"; sourceTree = "<group>"; };
		DD0DDA9751732730C2B08109 /* Pods-twitter_alamofire_demo.debug.xcconfig */ = {isa = PBXFileReference; includeInIndex = 1; lastKnownFileType = text.xcconfig; name = "Pods-twitter_alamofire_demo.debug.xcconfig"; path = "Pods/Target Support Files/Pods-twitter_alamofire_demo/Pods-twitter_alamofire_demo.debug.xcconfig"; sourceTree = "<group>"; };
		E65EF5517AA3FF6DE4C342C8 /* Pods-twitter_alamofire_demoTests.release.xcconfig */ = {isa = PBXFileReference; includeInIndex = 1; lastKnownFileType = text.xcconfig; name = "Pods-twitter_alamofire_demoTests.release.xcconfig"; path = "Pods/Target Support Files/Pods-twitter_alamofire_demoTests/Pods-twitter_alamofire_demoTests.release.xcconfig"; sourceTree = "<group>"; };
		ED1AFD2D1E942B2500FD4B90 /* twitter_alamofire_demo.app */ = {isa = PBXFileReference; explicitFileType = wrapper.application; includeInIndex = 0; path = twitter_alamofire_demo.app; sourceTree = BUILT_PRODUCTS_DIR; };
		ED1AFD301E942B2500FD4B90 /* AppDelegate.swift */ = {isa = PBXFileReference; lastKnownFileType = sourcecode.swift; path = AppDelegate.swift; sourceTree = "<group>"; };
		ED1AFD351E942B2500FD4B90 /* Base */ = {isa = PBXFileReference; lastKnownFileType = file.storyboard; name = Base; path = Base.lproj/Main.storyboard; sourceTree = "<group>"; };
		ED1AFD371E942B2500FD4B90 /* Assets.xcassets */ = {isa = PBXFileReference; lastKnownFileType = folder.assetcatalog; path = Assets.xcassets; sourceTree = "<group>"; };
		ED1AFD3A1E942B2500FD4B90 /* Base */ = {isa = PBXFileReference; lastKnownFileType = file.storyboard; name = Base; path = Base.lproj/LaunchScreen.storyboard; sourceTree = "<group>"; };
		ED1AFD3C1E942B2500FD4B90 /* Info.plist */ = {isa = PBXFileReference; lastKnownFileType = text.plist.xml; path = Info.plist; sourceTree = "<group>"; };
		ED1AFD411E942B2500FD4B90 /* twitter_alamofire_demoTests.xctest */ = {isa = PBXFileReference; explicitFileType = wrapper.cfbundle; includeInIndex = 0; path = twitter_alamofire_demoTests.xctest; sourceTree = BUILT_PRODUCTS_DIR; };
		ED1AFD451E942B2500FD4B90 /* twitter_alamofire_demoTests.swift */ = {isa = PBXFileReference; lastKnownFileType = sourcecode.swift; path = twitter_alamofire_demoTests.swift; sourceTree = "<group>"; };
		ED1AFD471E942B2500FD4B90 /* Info.plist */ = {isa = PBXFileReference; lastKnownFileType = text.plist.xml; path = Info.plist; sourceTree = "<group>"; };
		ED1AFD4C1E942B2500FD4B90 /* twitter_alamofire_demoUITests.xctest */ = {isa = PBXFileReference; explicitFileType = wrapper.cfbundle; includeInIndex = 0; path = twitter_alamofire_demoUITests.xctest; sourceTree = BUILT_PRODUCTS_DIR; };
		ED1AFD501E942B2500FD4B90 /* twitter_alamofire_demoUITests.swift */ = {isa = PBXFileReference; lastKnownFileType = sourcecode.swift; path = twitter_alamofire_demoUITests.swift; sourceTree = "<group>"; };
		ED1AFD521E942B2500FD4B90 /* Info.plist */ = {isa = PBXFileReference; lastKnownFileType = text.plist.xml; path = Info.plist; sourceTree = "<group>"; };
		ED1AFD5E1E94421000FD4B90 /* APIManager.swift */ = {isa = PBXFileReference; fileEncoding = 4; lastKnownFileType = sourcecode.swift; path = APIManager.swift; sourceTree = "<group>"; };
		ED1AFD601E94496E00FD4B90 /* LoginViewController.swift */ = {isa = PBXFileReference; fileEncoding = 4; lastKnownFileType = sourcecode.swift; path = LoginViewController.swift; sourceTree = "<group>"; };
		EDC4B7361E98627100D836AC /* twitter_alamofire_demo.entitlements */ = {isa = PBXFileReference; lastKnownFileType = text.plist.entitlements; path = twitter_alamofire_demo.entitlements; sourceTree = "<group>"; };
		F28D08AB06C90AF634E24302 /* Pods_twitter_alamofire_demoUITests.framework */ = {isa = PBXFileReference; explicitFileType = wrapper.framework; includeInIndex = 0; path = Pods_twitter_alamofire_demoUITests.framework; sourceTree = BUILT_PRODUCTS_DIR; };
		F7A66E7353DBA0C47B489182 /* Pods-twitter_alamofire_demo.release.xcconfig */ = {isa = PBXFileReference; includeInIndex = 1; lastKnownFileType = text.xcconfig; name = "Pods-twitter_alamofire_demo.release.xcconfig"; path = "Pods/Target Support Files/Pods-twitter_alamofire_demo/Pods-twitter_alamofire_demo.release.xcconfig"; sourceTree = "<group>"; };
/* End PBXFileReference section */

/* Begin PBXFrameworksBuildPhase section */
		ED1AFD2A1E942B2500FD4B90 /* Frameworks */ = {
			isa = PBXFrameworksBuildPhase;
			buildActionMask = 2147483647;
			files = (
				BEE367CC221AA2620463D482 /* Pods_twitter_alamofire_demo.framework in Frameworks */,
			);
			runOnlyForDeploymentPostprocessing = 0;
		};
		ED1AFD3E1E942B2500FD4B90 /* Frameworks */ = {
			isa = PBXFrameworksBuildPhase;
			buildActionMask = 2147483647;
			files = (
				BE39DE085392550ACA343DB3 /* Pods_twitter_alamofire_demoTests.framework in Frameworks */,
			);
			runOnlyForDeploymentPostprocessing = 0;
		};
		ED1AFD491E942B2500FD4B90 /* Frameworks */ = {
			isa = PBXFrameworksBuildPhase;
			buildActionMask = 2147483647;
			files = (
				04912F21BBA75245BAC7D2F2 /* Pods_twitter_alamofire_demoUITests.framework in Frameworks */,
			);
			runOnlyForDeploymentPostprocessing = 0;
		};
/* End PBXFrameworksBuildPhase section */

/* Begin PBXGroup section */
		0E42F68FC1C69284C595AB4B /* Frameworks */ = {
			isa = PBXGroup;
			children = (
				96495F9EAF842E1B5814BCDF /* Pods_twitter_alamofire_demo.framework */,
				6628E615B879C080FFC24348 /* Pods_twitter_alamofire_demoTests.framework */,
				F28D08AB06C90AF634E24302 /* Pods_twitter_alamofire_demoUITests.framework */,
			);
			name = Frameworks;
			sourceTree = "<group>";
		};
		5D3D28932162E0D000EC195A /* Models */ = {
			isa = PBXGroup;
			children = (
				5D3D28962162E26700EC195A /* Tweet.swift */,
				5D3D28942162E0E100EC195A /* User.swift */,
			);
			name = Models;
			sourceTree = "<group>";
		};
		5D3D289A2162FE6D00EC195A /* Views */ = {
			isa = PBXGroup;
			children = (
				5DD0F05A216AB58D0005A16D /* ComposeView.swift */,
				5DD0F058216A84D90005A16D /* DetailView.swift */,
				5DD0F060216B088B0005A16D /* ProfileView.swift */,
				5D3D289B2162FEA700EC195A /* TweetCell.swift */,
			);
			name = Views;
			sourceTree = "<group>";
		};
		E98FC4938ED1EF66FE097C2D /* Pods */ = {
			isa = PBXGroup;
			children = (
				DD0DDA9751732730C2B08109 /* Pods-twitter_alamofire_demo.debug.xcconfig */,
				F7A66E7353DBA0C47B489182 /* Pods-twitter_alamofire_demo.release.xcconfig */,
				408684C537F82555865AC72C /* Pods-twitter_alamofire_demoTests.debug.xcconfig */,
				E65EF5517AA3FF6DE4C342C8 /* Pods-twitter_alamofire_demoTests.release.xcconfig */,
				D64AECB550BA90DC3352F004 /* Pods-twitter_alamofire_demoUITests.debug.xcconfig */,
				9BFE81DFD7943434DFA897CE /* Pods-twitter_alamofire_demoUITests.release.xcconfig */,
			);
			name = Pods;
			sourceTree = "<group>";
		};
		ED1AFD241E942B2500FD4B90 = {
			isa = PBXGroup;
			children = (
				ED1AFD2F1E942B2500FD4B90 /* twitter_alamofire_demo */,
				ED1AFD441E942B2500FD4B90 /* twitter_alamofire_demoTests */,
				ED1AFD4F1E942B2500FD4B90 /* twitter_alamofire_demoUITests */,
				ED1AFD2E1E942B2500FD4B90 /* Products */,
				E98FC4938ED1EF66FE097C2D /* Pods */,
				0E42F68FC1C69284C595AB4B /* Frameworks */,
			);
			sourceTree = "<group>";
		};
		ED1AFD2E1E942B2500FD4B90 /* Products */ = {
			isa = PBXGroup;
			children = (
				ED1AFD2D1E942B2500FD4B90 /* twitter_alamofire_demo.app */,
				ED1AFD411E942B2500FD4B90 /* twitter_alamofire_demoTests.xctest */,
				ED1AFD4C1E942B2500FD4B90 /* twitter_alamofire_demoUITests.xctest */,
			);
			name = Products;
			sourceTree = "<group>";
		};
		ED1AFD2F1E942B2500FD4B90 /* twitter_alamofire_demo */ = {
			isa = PBXGroup;
			children = (
				ED1AFD301E942B2500FD4B90 /* AppDelegate.swift */,
				5D3D28932162E0D000EC195A /* Models */,
				ED1D23501EF7650B00C51ACC /* API */,
				5D3D289A2162FE6D00EC195A /* Views */,
				ED1D234A1EF6E3B800C51ACC /* View Controllers */,
				ED1AFD341E942B2500FD4B90 /* Main.storyboard */,
				ED1AFD391E942B2500FD4B90 /* LaunchScreen.storyboard */,
				ED1AFD371E942B2500FD4B90 /* Assets.xcassets */,
				EDC4B7361E98627100D836AC /* twitter_alamofire_demo.entitlements */,
				ED1AFD3C1E942B2500FD4B90 /* Info.plist */,
			);
			path = twitter_alamofire_demo;
			sourceTree = "<group>";
		};
		ED1AFD441E942B2500FD4B90 /* twitter_alamofire_demoTests */ = {
			isa = PBXGroup;
			children = (
				ED1AFD451E942B2500FD4B90 /* twitter_alamofire_demoTests.swift */,
				ED1AFD471E942B2500FD4B90 /* Info.plist */,
			);
			path = twitter_alamofire_demoTests;
			sourceTree = "<group>";
		};
		ED1AFD4F1E942B2500FD4B90 /* twitter_alamofire_demoUITests */ = {
			isa = PBXGroup;
			children = (
				ED1AFD501E942B2500FD4B90 /* twitter_alamofire_demoUITests.swift */,
				ED1AFD521E942B2500FD4B90 /* Info.plist */,
			);
			path = twitter_alamofire_demoUITests;
			sourceTree = "<group>";
		};
		ED1D234A1EF6E3B800C51ACC /* View Controllers */ = {
			isa = PBXGroup;
			children = (
				5DD0F05C216AB5A50005A16D /* ComposeViewController.swift */,
				5DD0F054216A7DA70005A16D /* DetailViewController.swift */,
				ED1AFD601E94496E00FD4B90 /* LoginViewController.swift */,
				5DD0F05E216B086A0005A16D /* ProfileViewController.swift */,
				BEBC8367211F4199003A5FE1 /* TimelineViewController.swift */,
			);
			name = "View Controllers";
			sourceTree = "<group>";
		};
		ED1D23501EF7650B00C51ACC /* API */ = {
			isa = PBXGroup;
			children = (
				ED1AFD5E1E94421000FD4B90 /* APIManager.swift */,
				5D3D28982162E69F00EC195A /* Keys.swift */,
			);
			name = API;
			sourceTree = "<group>";
		};
/* End PBXGroup section */

/* Begin PBXNativeTarget section */
		ED1AFD2C1E942B2500FD4B90 /* twitter_alamofire_demo */ = {
			isa = PBXNativeTarget;
			buildConfigurationList = ED1AFD551E942B2500FD4B90 /* Build configuration list for PBXNativeTarget "twitter_alamofire_demo" */;
			buildPhases = (
				783A6FF0C1876C60EA19AD76 /* [CP] Check Pods Manifest.lock */,
				ED1AFD291E942B2500FD4B90 /* Sources */,
				ED1AFD2A1E942B2500FD4B90 /* Frameworks */,
				ED1AFD2B1E942B2500FD4B90 /* Resources */,
				D5C771580B1B59A1EB1F6A9D /* [CP] Embed Pods Frameworks */,
			);
			buildRules = (
			);
			dependencies = (
			);
			name = twitter_alamofire_demo;
			productName = twitter_alamofire_demo;
			productReference = ED1AFD2D1E942B2500FD4B90 /* twitter_alamofire_demo.app */;
			productType = "com.apple.product-type.application";
		};
		ED1AFD401E942B2500FD4B90 /* twitter_alamofire_demoTests */ = {
			isa = PBXNativeTarget;
			buildConfigurationList = ED1AFD581E942B2500FD4B90 /* Build configuration list for PBXNativeTarget "twitter_alamofire_demoTests" */;
			buildPhases = (
				8EAED00DB082BEBB92DA1E4D /* [CP] Check Pods Manifest.lock */,
				ED1AFD3D1E942B2500FD4B90 /* Sources */,
				ED1AFD3E1E942B2500FD4B90 /* Frameworks */,
				ED1AFD3F1E942B2500FD4B90 /* Resources */,
			);
			buildRules = (
			);
			dependencies = (
				ED1AFD431E942B2500FD4B90 /* PBXTargetDependency */,
			);
			name = twitter_alamofire_demoTests;
			productName = twitter_alamofire_demoTests;
			productReference = ED1AFD411E942B2500FD4B90 /* twitter_alamofire_demoTests.xctest */;
			productType = "com.apple.product-type.bundle.unit-test";
		};
		ED1AFD4B1E942B2500FD4B90 /* twitter_alamofire_demoUITests */ = {
			isa = PBXNativeTarget;
			buildConfigurationList = ED1AFD5B1E942B2500FD4B90 /* Build configuration list for PBXNativeTarget "twitter_alamofire_demoUITests" */;
			buildPhases = (
				616A4870206258A5B45ECCBD /* [CP] Check Pods Manifest.lock */,
				ED1AFD481E942B2500FD4B90 /* Sources */,
				ED1AFD491E942B2500FD4B90 /* Frameworks */,
				ED1AFD4A1E942B2500FD4B90 /* Resources */,
			);
			buildRules = (
			);
			dependencies = (
				ED1AFD4E1E942B2500FD4B90 /* PBXTargetDependency */,
			);
			name = twitter_alamofire_demoUITests;
			productName = twitter_alamofire_demoUITests;
			productReference = ED1AFD4C1E942B2500FD4B90 /* twitter_alamofire_demoUITests.xctest */;
			productType = "com.apple.product-type.bundle.ui-testing";
		};
/* End PBXNativeTarget section */

/* Begin PBXProject section */
		ED1AFD251E942B2500FD4B90 /* Project object */ = {
			isa = PBXProject;
			attributes = {
				LastSwiftUpdateCheck = 0830;
				LastUpgradeCheck = 1000;
				ORGANIZATIONNAME = "Charles Hieger";
				TargetAttributes = {
					ED1AFD2C1E942B2500FD4B90 = {
						CreatedOnToolsVersion = 8.3;
						DevelopmentTeam = W54LBZDX8H;
						LastSwiftMigration = 1000;
						ProvisioningStyle = Automatic;
						SystemCapabilities = {
							com.apple.Keychain = {
								enabled = 1;
							};
						};
					};
					ED1AFD401E942B2500FD4B90 = {
						CreatedOnToolsVersion = 8.3;
						DevelopmentTeam = W54LBZDX8H;
						LastSwiftMigration = 1000;
						ProvisioningStyle = Automatic;
						TestTargetID = ED1AFD2C1E942B2500FD4B90;
					};
					ED1AFD4B1E942B2500FD4B90 = {
						CreatedOnToolsVersion = 8.3;
						DevelopmentTeam = W54LBZDX8H;
						LastSwiftMigration = 1000;
						ProvisioningStyle = Automatic;
						TestTargetID = ED1AFD2C1E942B2500FD4B90;
					};
				};
			};
			buildConfigurationList = ED1AFD281E942B2500FD4B90 /* Build configuration list for PBXProject "twitter_alamofire_demo" */;
			compatibilityVersion = "Xcode 3.2";
			developmentRegion = English;
			hasScannedForEncodings = 0;
			knownRegions = (
				en,
				Base,
			);
			mainGroup = ED1AFD241E942B2500FD4B90;
			productRefGroup = ED1AFD2E1E942B2500FD4B90 /* Products */;
			projectDirPath = "";
			projectRoot = "";
			targets = (
				ED1AFD2C1E942B2500FD4B90 /* twitter_alamofire_demo */,
				ED1AFD401E942B2500FD4B90 /* twitter_alamofire_demoTests */,
				ED1AFD4B1E942B2500FD4B90 /* twitter_alamofire_demoUITests */,
			);
		};
/* End PBXProject section */

/* Begin PBXResourcesBuildPhase section */
		ED1AFD2B1E942B2500FD4B90 /* Resources */ = {
			isa = PBXResourcesBuildPhase;
			buildActionMask = 2147483647;
			files = (
				ED1AFD3B1E942B2500FD4B90 /* LaunchScreen.storyboard in Resources */,
				ED1AFD381E942B2500FD4B90 /* Assets.xcassets in Resources */,
				ED1AFD361E942B2500FD4B90 /* Main.storyboard in Resources */,
			);
			runOnlyForDeploymentPostprocessing = 0;
		};
		ED1AFD3F1E942B2500FD4B90 /* Resources */ = {
			isa = PBXResourcesBuildPhase;
			buildActionMask = 2147483647;
			files = (
			);
			runOnlyForDeploymentPostprocessing = 0;
		};
		ED1AFD4A1E942B2500FD4B90 /* Resources */ = {
			isa = PBXResourcesBuildPhase;
			buildActionMask = 2147483647;
			files = (
			);
			runOnlyForDeploymentPostprocessing = 0;
		};
/* End PBXResourcesBuildPhase section */

/* Begin PBXShellScriptBuildPhase section */
		616A4870206258A5B45ECCBD /* [CP] Check Pods Manifest.lock */ = {
			isa = PBXShellScriptBuildPhase;
			buildActionMask = 2147483647;
			files = (
			);
			inputFileListPaths = (
			);
			inputPaths = (
				"${PODS_PODFILE_DIR_PATH}/Podfile.lock",
				"${PODS_ROOT}/Manifest.lock",
			);
			name = "[CP] Check Pods Manifest.lock";
			outputFileListPaths = (
			);
			outputPaths = (
				"$(DERIVED_FILE_DIR)/Pods-twitter_alamofire_demoUITests-checkManifestLockResult.txt",
			);
			runOnlyForDeploymentPostprocessing = 0;
			shellPath = /bin/sh;
			shellScript = "diff \"${PODS_PODFILE_DIR_PATH}/Podfile.lock\" \"${PODS_ROOT}/Manifest.lock\" > /dev/null\nif [ $? != 0 ] ; then\n    # print error to STDERR\n    echo \"error: The sandbox is not in sync with the Podfile.lock. Run 'pod install' or update your CocoaPods installation.\" >&2\n    exit 1\nfi\n# This output is used by Xcode 'outputs' to avoid re-running this script phase.\necho \"SUCCESS\" > \"${SCRIPT_OUTPUT_FILE_0}\"\n";
			showEnvVarsInLog = 0;
		};
		783A6FF0C1876C60EA19AD76 /* [CP] Check Pods Manifest.lock */ = {
			isa = PBXShellScriptBuildPhase;
			buildActionMask = 2147483647;
			files = (
			);
			inputFileListPaths = (
			);
			inputPaths = (
				"${PODS_PODFILE_DIR_PATH}/Podfile.lock",
				"${PODS_ROOT}/Manifest.lock",
			);
			name = "[CP] Check Pods Manifest.lock";
			outputFileListPaths = (
			);
			outputPaths = (
				"$(DERIVED_FILE_DIR)/Pods-twitter_alamofire_demo-checkManifestLockResult.txt",
			);
			runOnlyForDeploymentPostprocessing = 0;
			shellPath = /bin/sh;
			shellScript = "diff \"${PODS_PODFILE_DIR_PATH}/Podfile.lock\" \"${PODS_ROOT}/Manifest.lock\" > /dev/null\nif [ $? != 0 ] ; then\n    # print error to STDERR\n    echo \"error: The sandbox is not in sync with the Podfile.lock. Run 'pod install' or update your CocoaPods installation.\" >&2\n    exit 1\nfi\n# This output is used by Xcode 'outputs' to avoid re-running this script phase.\necho \"SUCCESS\" > \"${SCRIPT_OUTPUT_FILE_0}\"\n";
			showEnvVarsInLog = 0;
		};
		8EAED00DB082BEBB92DA1E4D /* [CP] Check Pods Manifest.lock */ = {
			isa = PBXShellScriptBuildPhase;
			buildActionMask = 2147483647;
			files = (
			);
			inputFileListPaths = (
			);
			inputPaths = (
				"${PODS_PODFILE_DIR_PATH}/Podfile.lock",
				"${PODS_ROOT}/Manifest.lock",
			);
			name = "[CP] Check Pods Manifest.lock";
			outputFileListPaths = (
			);
			outputPaths = (
				"$(DERIVED_FILE_DIR)/Pods-twitter_alamofire_demoTests-checkManifestLockResult.txt",
			);
			runOnlyForDeploymentPostprocessing = 0;
			shellPath = /bin/sh;
			shellScript = "diff \"${PODS_PODFILE_DIR_PATH}/Podfile.lock\" \"${PODS_ROOT}/Manifest.lock\" > /dev/null\nif [ $? != 0 ] ; then\n    # print error to STDERR\n    echo \"error: The sandbox is not in sync with the Podfile.lock. Run 'pod install' or update your CocoaPods installation.\" >&2\n    exit 1\nfi\n# This output is used by Xcode 'outputs' to avoid re-running this script phase.\necho \"SUCCESS\" > \"${SCRIPT_OUTPUT_FILE_0}\"\n";
			showEnvVarsInLog = 0;
		};
		D5C771580B1B59A1EB1F6A9D /* [CP] Embed Pods Frameworks */ = {
			isa = PBXShellScriptBuildPhase;
			buildActionMask = 2147483647;
			files = (
			);
			inputFileListPaths = (
			);
			inputPaths = (
				"${SRCROOT}/Pods/Target Support Files/Pods-twitter_alamofire_demo/Pods-twitter_alamofire_demo-frameworks.sh",
				"${BUILT_PRODUCTS_DIR}/Alamofire/Alamofire.framework",
				"${BUILT_PRODUCTS_DIR}/AlamofireImage/AlamofireImage.framework",
				"${BUILT_PRODUCTS_DIR}/KeychainAccess/KeychainAccess.framework",
				"${BUILT_PRODUCTS_DIR}/OAuthSwift/OAuthSwift.framework",
				"${BUILT_PRODUCTS_DIR}/OAuthSwiftAlamofire/OAuthSwiftAlamofire.framework",
				"${BUILT_PRODUCTS_DIR}/PKHUD/PKHUD.framework",
				"${BUILT_PRODUCTS_DIR}/RSKPlaceholderTextView/RSKPlaceholderTextView.framework",
			);
			name = "[CP] Embed Pods Frameworks";
			outputFileListPaths = (
			);
			outputPaths = (
				"${TARGET_BUILD_DIR}/${FRAMEWORKS_FOLDER_PATH}/Alamofire.framework",
				"${TARGET_BUILD_DIR}/${FRAMEWORKS_FOLDER_PATH}/AlamofireImage.framework",
				"${TARGET_BUILD_DIR}/${FRAMEWORKS_FOLDER_PATH}/KeychainAccess.framework",
				"${TARGET_BUILD_DIR}/${FRAMEWORKS_FOLDER_PATH}/OAuthSwift.framework",
				"${TARGET_BUILD_DIR}/${FRAMEWORKS_FOLDER_PATH}/OAuthSwiftAlamofire.framework",
				"${TARGET_BUILD_DIR}/${FRAMEWORKS_FOLDER_PATH}/PKHUD.framework",
				"${TARGET_BUILD_DIR}/${FRAMEWORKS_FOLDER_PATH}/RSKPlaceholderTextView.framework",
			);
			runOnlyForDeploymentPostprocessing = 0;
			shellPath = /bin/sh;
			shellScript = "\"${SRCROOT}/Pods/Target Support Files/Pods-twitter_alamofire_demo/Pods-twitter_alamofire_demo-frameworks.sh\"\n";
			showEnvVarsInLog = 0;
		};
/* End PBXShellScriptBuildPhase section */

/* Begin PBXSourcesBuildPhase section */
		ED1AFD291E942B2500FD4B90 /* Sources */ = {
			isa = PBXSourcesBuildPhase;
			buildActionMask = 2147483647;
			files = (
				5DD0F055216A7DA70005A16D /* DetailViewController.swift in Sources */,
				ED1AFD611E94496E00FD4B90 /* LoginViewController.swift in Sources */,
				BEBC8368211F4199003A5FE1 /* TimelineViewController.swift in Sources */,
				5DD0F05D216AB5A50005A16D /* ComposeViewController.swift in Sources */,
				5DD0F05B216AB58D0005A16D /* ComposeView.swift in Sources */,
				5DD0F059216A84D90005A16D /* DetailView.swift in Sources */,
				ED1AFD5F1E94421000FD4B90 /* APIManager.swift in Sources */,
				5D3D289C2162FEA700EC195A /* TweetCell.swift in Sources */,
				5D3D28972162E26700EC195A /* Tweet.swift in Sources */,
				5D3D28992162E69F00EC195A /* Keys.swift in Sources */,
				5DD0F05F216B086A0005A16D /* ProfileViewController.swift in Sources */,
				5D3D28952162E0E100EC195A /* User.swift in Sources */,
				5DD0F061216B088B0005A16D /* ProfileView.swift in Sources */,
				ED1AFD311E942B2500FD4B90 /* AppDelegate.swift in Sources */,
			);
			runOnlyForDeploymentPostprocessing = 0;
		};
		ED1AFD3D1E942B2500FD4B90 /* Sources */ = {
			isa = PBXSourcesBuildPhase;
			buildActionMask = 2147483647;
			files = (
				ED1AFD461E942B2500FD4B90 /* twitter_alamofire_demoTests.swift in Sources */,
			);
			runOnlyForDeploymentPostprocessing = 0;
		};
		ED1AFD481E942B2500FD4B90 /* Sources */ = {
			isa = PBXSourcesBuildPhase;
			buildActionMask = 2147483647;
			files = (
				ED1AFD511E942B2500FD4B90 /* twitter_alamofire_demoUITests.swift in Sources */,
			);
			runOnlyForDeploymentPostprocessing = 0;
		};
/* End PBXSourcesBuildPhase section */

/* Begin PBXTargetDependency section */
		ED1AFD431E942B2500FD4B90 /* PBXTargetDependency */ = {
			isa = PBXTargetDependency;
			target = ED1AFD2C1E942B2500FD4B90 /* twitter_alamofire_demo */;
			targetProxy = ED1AFD421E942B2500FD4B90 /* PBXContainerItemProxy */;
		};
		ED1AFD4E1E942B2500FD4B90 /* PBXTargetDependency */ = {
			isa = PBXTargetDependency;
			target = ED1AFD2C1E942B2500FD4B90 /* twitter_alamofire_demo */;
			targetProxy = ED1AFD4D1E942B2500FD4B90 /* PBXContainerItemProxy */;
		};
/* End PBXTargetDependency section */

/* Begin PBXVariantGroup section */
		ED1AFD341E942B2500FD4B90 /* Main.storyboard */ = {
			isa = PBXVariantGroup;
			children = (
				ED1AFD351E942B2500FD4B90 /* Base */,
			);
			name = Main.storyboard;
			sourceTree = "<group>";
		};
		ED1AFD391E942B2500FD4B90 /* LaunchScreen.storyboard */ = {
			isa = PBXVariantGroup;
			children = (
				ED1AFD3A1E942B2500FD4B90 /* Base */,
			);
			name = LaunchScreen.storyboard;
			sourceTree = "<group>";
		};
/* End PBXVariantGroup section */

/* Begin XCBuildConfiguration section */
		ED1AFD531E942B2500FD4B90 /* Debug */ = {
			isa = XCBuildConfiguration;
			buildSettings = {
				ALWAYS_SEARCH_USER_PATHS = NO;
				CLANG_ANALYZER_NONNULL = YES;
				CLANG_ANALYZER_NUMBER_OBJECT_CONVERSION = YES_AGGRESSIVE;
				CLANG_CXX_LANGUAGE_STANDARD = "gnu++0x";
				CLANG_CXX_LIBRARY = "libc++";
				CLANG_ENABLE_MODULES = YES;
				CLANG_ENABLE_OBJC_ARC = YES;
				CLANG_WARN_BLOCK_CAPTURE_AUTORELEASING = YES;
				CLANG_WARN_BOOL_CONVERSION = YES;
				CLANG_WARN_COMMA = YES;
				CLANG_WARN_CONSTANT_CONVERSION = YES;
				CLANG_WARN_DEPRECATED_OBJC_IMPLEMENTATIONS = YES;
				CLANG_WARN_DIRECT_OBJC_ISA_USAGE = YES_ERROR;
				CLANG_WARN_DOCUMENTATION_COMMENTS = YES;
				CLANG_WARN_EMPTY_BODY = YES;
				CLANG_WARN_ENUM_CONVERSION = YES;
				CLANG_WARN_INFINITE_RECURSION = YES;
				CLANG_WARN_INT_CONVERSION = YES;
				CLANG_WARN_NON_LITERAL_NULL_CONVERSION = YES;
				CLANG_WARN_OBJC_IMPLICIT_RETAIN_SELF = YES;
				CLANG_WARN_OBJC_LITERAL_CONVERSION = YES;
				CLANG_WARN_OBJC_ROOT_CLASS = YES_ERROR;
				CLANG_WARN_RANGE_LOOP_ANALYSIS = YES;
				CLANG_WARN_STRICT_PROTOTYPES = YES;
				CLANG_WARN_SUSPICIOUS_MOVE = YES;
				CLANG_WARN_UNREACHABLE_CODE = YES;
				CLANG_WARN__DUPLICATE_METHOD_MATCH = YES;
				"CODE_SIGN_IDENTITY[sdk=iphoneos*]" = "iPhone Developer";
				COPY_PHASE_STRIP = NO;
				DEBUG_INFORMATION_FORMAT = dwarf;
				ENABLE_STRICT_OBJC_MSGSEND = YES;
				ENABLE_TESTABILITY = YES;
				GCC_C_LANGUAGE_STANDARD = gnu99;
				GCC_DYNAMIC_NO_PIC = NO;
				GCC_NO_COMMON_BLOCKS = YES;
				GCC_OPTIMIZATION_LEVEL = 0;
				GCC_PREPROCESSOR_DEFINITIONS = (
					"DEBUG=1",
					"$(inherited)",
				);
				GCC_WARN_64_TO_32_BIT_CONVERSION = YES;
				GCC_WARN_ABOUT_RETURN_TYPE = YES_ERROR;
				GCC_WARN_UNDECLARED_SELECTOR = YES;
				GCC_WARN_UNINITIALIZED_AUTOS = YES_AGGRESSIVE;
				GCC_WARN_UNUSED_FUNCTION = YES;
				GCC_WARN_UNUSED_VARIABLE = YES;
				IPHONEOS_DEPLOYMENT_TARGET = 10.3;
				MTL_ENABLE_DEBUG_INFO = YES;
				ONLY_ACTIVE_ARCH = YES;
				SDKROOT = iphoneos;
				SWIFT_ACTIVE_COMPILATION_CONDITIONS = DEBUG;
				SWIFT_OPTIMIZATION_LEVEL = "-Onone";
				SWIFT_SWIFT3_OBJC_INFERENCE = Default;
				SWIFT_VERSION = 4.2;
				TARGETED_DEVICE_FAMILY = "1,2";
			};
			name = Debug;
		};
		ED1AFD541E942B2500FD4B90 /* Release */ = {
			isa = XCBuildConfiguration;
			buildSettings = {
				ALWAYS_SEARCH_USER_PATHS = NO;
				CLANG_ANALYZER_NONNULL = YES;
				CLANG_ANALYZER_NUMBER_OBJECT_CONVERSION = YES_AGGRESSIVE;
				CLANG_CXX_LANGUAGE_STANDARD = "gnu++0x";
				CLANG_CXX_LIBRARY = "libc++";
				CLANG_ENABLE_MODULES = YES;
				CLANG_ENABLE_OBJC_ARC = YES;
				CLANG_WARN_BLOCK_CAPTURE_AUTORELEASING = YES;
				CLANG_WARN_BOOL_CONVERSION = YES;
				CLANG_WARN_COMMA = YES;
				CLANG_WARN_CONSTANT_CONVERSION = YES;
				CLANG_WARN_DEPRECATED_OBJC_IMPLEMENTATIONS = YES;
				CLANG_WARN_DIRECT_OBJC_ISA_USAGE = YES_ERROR;
				CLANG_WARN_DOCUMENTATION_COMMENTS = YES;
				CLANG_WARN_EMPTY_BODY = YES;
				CLANG_WARN_ENUM_CONVERSION = YES;
				CLANG_WARN_INFINITE_RECURSION = YES;
				CLANG_WARN_INT_CONVERSION = YES;
				CLANG_WARN_NON_LITERAL_NULL_CONVERSION = YES;
				CLANG_WARN_OBJC_IMPLICIT_RETAIN_SELF = YES;
				CLANG_WARN_OBJC_LITERAL_CONVERSION = YES;
				CLANG_WARN_OBJC_ROOT_CLASS = YES_ERROR;
				CLANG_WARN_RANGE_LOOP_ANALYSIS = YES;
				CLANG_WARN_STRICT_PROTOTYPES = YES;
				CLANG_WARN_SUSPICIOUS_MOVE = YES;
				CLANG_WARN_UNREACHABLE_CODE = YES;
				CLANG_WARN__DUPLICATE_METHOD_MATCH = YES;
				"CODE_SIGN_IDENTITY[sdk=iphoneos*]" = "iPhone Developer";
				COPY_PHASE_STRIP = NO;
				DEBUG_INFORMATION_FORMAT = "dwarf-with-dsym";
				ENABLE_NS_ASSERTIONS = NO;
				ENABLE_STRICT_OBJC_MSGSEND = YES;
				GCC_C_LANGUAGE_STANDARD = gnu99;
				GCC_NO_COMMON_BLOCKS = YES;
				GCC_WARN_64_TO_32_BIT_CONVERSION = YES;
				GCC_WARN_ABOUT_RETURN_TYPE = YES_ERROR;
				GCC_WARN_UNDECLARED_SELECTOR = YES;
				GCC_WARN_UNINITIALIZED_AUTOS = YES_AGGRESSIVE;
				GCC_WARN_UNUSED_FUNCTION = YES;
				GCC_WARN_UNUSED_VARIABLE = YES;
				IPHONEOS_DEPLOYMENT_TARGET = 10.3;
				MTL_ENABLE_DEBUG_INFO = NO;
				SDKROOT = iphoneos;
				SWIFT_OPTIMIZATION_LEVEL = "-Owholemodule";
				SWIFT_SWIFT3_OBJC_INFERENCE = Default;
				SWIFT_VERSION = 4.2;
				TARGETED_DEVICE_FAMILY = "1,2";
				VALIDATE_PRODUCT = YES;
			};
			name = Release;
		};
		ED1AFD561E942B2500FD4B90 /* Debug */ = {
			isa = XCBuildConfiguration;
			baseConfigurationReference = DD0DDA9751732730C2B08109 /* Pods-twitter_alamofire_demo.debug.xcconfig */;
			buildSettings = {
				ASSETCATALOG_COMPILER_APPICON_NAME = AppIcon;
				CODE_SIGN_ENTITLEMENTS = twitter_alamofire_demo/twitter_alamofire_demo.entitlements;
				DEVELOPMENT_TEAM = W54LBZDX8H;
				INFOPLIST_FILE = twitter_alamofire_demo/Info.plist;
				LD_RUNPATH_SEARCH_PATHS = "$(inherited) @executable_path/Frameworks";
				PRODUCT_BUNDLE_IDENTIFIER = "com.codepath.motiveg.twitter-alamofire-demo";
				PRODUCT_NAME = "$(TARGET_NAME)";
				SWIFT_SWIFT3_OBJC_INFERENCE = Default;
				SWIFT_VERSION = 4.2;
			};
			name = Debug;
		};
		ED1AFD571E942B2500FD4B90 /* Release */ = {
			isa = XCBuildConfiguration;
			baseConfigurationReference = F7A66E7353DBA0C47B489182 /* Pods-twitter_alamofire_demo.release.xcconfig */;
			buildSettings = {
				ASSETCATALOG_COMPILER_APPICON_NAME = AppIcon;
				CODE_SIGN_ENTITLEMENTS = twitter_alamofire_demo/twitter_alamofire_demo.entitlements;
				DEVELOPMENT_TEAM = W54LBZDX8H;
				INFOPLIST_FILE = twitter_alamofire_demo/Info.plist;
				LD_RUNPATH_SEARCH_PATHS = "$(inherited) @executable_path/Frameworks";
				PRODUCT_BUNDLE_IDENTIFIER = "com.codepath.motiveg.twitter-alamofire-demo";
				PRODUCT_NAME = "$(TARGET_NAME)";
				SWIFT_SWIFT3_OBJC_INFERENCE = Default;
				SWIFT_VERSION = 4.2;
			};
			name = Release;
		};
		ED1AFD591E942B2500FD4B90 /* Debug */ = {
			isa = XCBuildConfiguration;
			baseConfigurationReference = 408684C537F82555865AC72C /* Pods-twitter_alamofire_demoTests.debug.xcconfig */;
			buildSettings = {
				ALWAYS_EMBED_SWIFT_STANDARD_LIBRARIES = YES;
				BUNDLE_LOADER = "$(TEST_HOST)";
				DEVELOPMENT_TEAM = W54LBZDX8H;
				INFOPLIST_FILE = twitter_alamofire_demoTests/Info.plist;
				LD_RUNPATH_SEARCH_PATHS = "$(inherited) @executable_path/Frameworks @loader_path/Frameworks";
				PRODUCT_BUNDLE_IDENTIFIER = "com.codepath.twitter-alamofire-demoTests";
				PRODUCT_NAME = "$(TARGET_NAME)";
				SWIFT_SWIFT3_OBJC_INFERENCE = Default;
				SWIFT_VERSION = 4.2;
				TEST_HOST = "$(BUILT_PRODUCTS_DIR)/twitter_alamofire_demo.app/twitter_alamofire_demo";
			};
			name = Debug;
		};
		ED1AFD5A1E942B2500FD4B90 /* Release */ = {
			isa = XCBuildConfiguration;
			baseConfigurationReference = E65EF5517AA3FF6DE4C342C8 /* Pods-twitter_alamofire_demoTests.release.xcconfig */;
			buildSettings = {
				ALWAYS_EMBED_SWIFT_STANDARD_LIBRARIES = YES;
				BUNDLE_LOADER = "$(TEST_HOST)";
				DEVELOPMENT_TEAM = W54LBZDX8H;
				INFOPLIST_FILE = twitter_alamofire_demoTests/Info.plist;
				LD_RUNPATH_SEARCH_PATHS = "$(inherited) @executable_path/Frameworks @loader_path/Frameworks";
				PRODUCT_BUNDLE_IDENTIFIER = "com.codepath.twitter-alamofire-demoTests";
				PRODUCT_NAME = "$(TARGET_NAME)";
				SWIFT_SWIFT3_OBJC_INFERENCE = Default;
				SWIFT_VERSION = 4.2;
				TEST_HOST = "$(BUILT_PRODUCTS_DIR)/twitter_alamofire_demo.app/twitter_alamofire_demo";
			};
			name = Release;
		};
		ED1AFD5C1E942B2500FD4B90 /* Debug */ = {
			isa = XCBuildConfiguration;
			baseConfigurationReference = D64AECB550BA90DC3352F004 /* Pods-twitter_alamofire_demoUITests.debug.xcconfig */;
			buildSettings = {
				ALWAYS_EMBED_SWIFT_STANDARD_LIBRARIES = YES;
				DEVELOPMENT_TEAM = W54LBZDX8H;
				INFOPLIST_FILE = twitter_alamofire_demoUITests/Info.plist;
				LD_RUNPATH_SEARCH_PATHS = "$(inherited) @executable_path/Frameworks @loader_path/Frameworks";
				PRODUCT_BUNDLE_IDENTIFIER = "com.codepath.motiveg.twitter-alamofire-demoUITests";
				PRODUCT_NAME = "$(TARGET_NAME)";
				SWIFT_SWIFT3_OBJC_INFERENCE = Default;
				SWIFT_VERSION = 4.2;
				TEST_TARGET_NAME = twitter_alamofire_demo;
			};
			name = Debug;
		};
		ED1AFD5D1E942B2500FD4B90 /* Release */ = {
			isa = XCBuildConfiguration;
			baseConfigurationReference = 9BFE81DFD7943434DFA897CE /* Pods-twitter_alamofire_demoUITests.release.xcconfig */;
			buildSettings = {
				ALWAYS_EMBED_SWIFT_STANDARD_LIBRARIES = YES;
				DEVELOPMENT_TEAM = W54LBZDX8H;
				INFOPLIST_FILE = twitter_alamofire_demoUITests/Info.plist;
				LD_RUNPATH_SEARCH_PATHS = "$(inherited) @executable_path/Frameworks @loader_path/Frameworks";
				PRODUCT_BUNDLE_IDENTIFIER = "com.codepath.motiveg.twitter-alamofire-demoUITests";
				PRODUCT_NAME = "$(TARGET_NAME)";
				SWIFT_SWIFT3_OBJC_INFERENCE = Default;
				SWIFT_VERSION = 4.2;
				TEST_TARGET_NAME = twitter_alamofire_demo;
			};
			name = Release;
		};
/* End XCBuildConfiguration section */

/* Begin XCConfigurationList section */
		ED1AFD281E942B2500FD4B90 /* Build configuration list for PBXProject "twitter_alamofire_demo" */ = {
			isa = XCConfigurationList;
			buildConfigurations = (
				ED1AFD531E942B2500FD4B90 /* Debug */,
				ED1AFD541E942B2500FD4B90 /* Release */,
			);
			defaultConfigurationIsVisible = 0;
			defaultConfigurationName = Release;
		};
		ED1AFD551E942B2500FD4B90 /* Build configuration list for PBXNativeTarget "twitter_alamofire_demo" */ = {
			isa = XCConfigurationList;
			buildConfigurations = (
				ED1AFD561E942B2500FD4B90 /* Debug */,
				ED1AFD571E942B2500FD4B90 /* Release */,
			);
			defaultConfigurationIsVisible = 0;
			defaultConfigurationName = Release;
		};
		ED1AFD581E942B2500FD4B90 /* Build configuration list for PBXNativeTarget "twitter_alamofire_demoTests" */ = {
			isa = XCConfigurationList;
			buildConfigurations = (
				ED1AFD591E942B2500FD4B90 /* Debug */,
				ED1AFD5A1E942B2500FD4B90 /* Release */,
			);
			defaultConfigurationIsVisible = 0;
			defaultConfigurationName = Release;
		};
		ED1AFD5B1E942B2500FD4B90 /* Build configuration list for PBXNativeTarget "twitter_alamofire_demoUITests" */ = {
			isa = XCConfigurationList;
			buildConfigurations = (
				ED1AFD5C1E942B2500FD4B90 /* Debug */,
				ED1AFD5D1E942B2500FD4B90 /* Release */,
			);
			defaultConfigurationIsVisible = 0;
			defaultConfigurationName = Release;
		};
/* End XCConfigurationList section */
	};
	rootObject = ED1AFD251E942B2500FD4B90 /* Project object */;
}
